
Microsoft Visual Studio Solution File, Format Version 12.00
# Visual Studio 15
VisualStudioVersion = 15.0.26430.15
MinimumVisualStudioVersion = 10.0.40219.1
Project("{FAE04EC0-301F-11D3-BF4B-00C04F79EFBC}") = "UpDataCAD", "UpDataCAD\UpDataCAD.csproj", "{0702A1E3-D184-4BCD-BC47-930451EAE2B8}"
EndProject
Project("{54435603-DBB4-11D2-8724-00A0C9A8B90C}") = "Setup1", "Setup1\Setup1.vdproj", "{146768C9-E1C4-487E-9095-44B3C04DFB24}"
EndProject
Global
	GlobalSection(SolutionConfigurationPlatforms) = preSolution
		Debug|Any CPU = Debug|Any CPU
		Release|Any CPU = Release|Any CPU
	EndGlobalSection
	GlobalSection(ProjectConfigurationPlatforms) = postSolution
		{0702A1E3-D184-4BCD-BC47-930451EAE2B8}.Debug|Any CPU.ActiveCfg = Debug|Any CPU
		{0702A1E3-D184-4BCD-BC47-930451EAE2B8}.Debug|Any CPU.Build.0 = Debug|Any CPU
		{0702A1E3-D184-4BCD-BC47-930451EAE2B8}.Release|Any CPU.ActiveCfg = Release|Any CPU
		{0702A1E3-D184-4BCD-BC47-930451EAE2B8}.Release|Any CPU.Build.0 = Release|Any CPU
		{146768C9-E1C4-487E-9095-44B3C04DFB24}.Debug|Any CPU.ActiveCfg = Debug
		{146768C9-E1C4-487E-9095-44B3C04DFB24}.Release|Any CPU.ActiveCfg = Release
	EndGlobalSection
	GlobalSection(SolutionProperties) = preSolution
		HideSolutionNode = FALSE
	EndGlobalSection
EndGlobal
